
Microsoft Visual Studio Solution File, Format Version 12.00
Project("{FAE04EC0-301F-11D3-BF4B-00C04F79EFBC}") = "RolandK.BackgroundLoops", "src\RolandK.BackgroundLoops\RolandK.BackgroundLoops.csproj", "{15905348-38FC-48BB-8E77-961456110C0E}"
EndProject
Project("{FAE04EC0-301F-11D3-BF4B-00C04F79EFBC}") = "RolandK.BackgroundLoops.Tests", "src\RolandK.BackgroundLoops.Tests\RolandK.BackgroundLoops.Tests.csproj", "{1EB69A6E-BF98-4C04-BD8B-4BE1732A988E}"
EndProject
Global
	GlobalSection(SolutionConfigurationPlatforms) = preSolution
		Debug|Any CPU = Debug|Any CPU
		Release|Any CPU = Release|Any CPU
	EndGlobalSection
	GlobalSection(ProjectConfigurationPlatforms) = postSolution
		{15905348-38FC-48BB-8E77-961456110C0E}.Debug|Any CPU.ActiveCfg = Debug|Any CPU
		{15905348-38FC-48BB-8E77-961456110C0E}.Debug|Any CPU.Build.0 = Debug|Any CPU
		{15905348-38FC-48BB-8E77-961456110C0E}.Release|Any CPU.ActiveCfg = Release|Any CPU
		{15905348-38FC-48BB-8E77-961456110C0E}.Release|Any CPU.Build.0 = Release|Any CPU
		{1EB69A6E-BF98-4C04-BD8B-4BE1732A988E}.Debug|Any CPU.ActiveCfg = Debug|Any CPU
		{1EB69A6E-BF98-4C04-BD8B-4BE1732A988E}.Debug|Any CPU.Build.0 = Debug|Any CPU
		{1EB69A6E-BF98-4C04-BD8B-4BE1732A988E}.Release|Any CPU.ActiveCfg = Release|Any CPU
		{1EB69A6E-BF98-4C04-BD8B-4BE1732A988E}.Release|Any CPU.Build.0 = Release|Any CPU
	EndGlobalSection
EndGlobal
